
Microsoft Visual Studio Solution File, Format Version 12.00
# Visual Studio 14
VisualStudioVersion = 14.0.24720.0
MinimumVisualStudioVersion = 10.0.40219.1
Project("{FAE04EC0-301F-11D3-BF4B-00C04F79EFBC}") = "CryptText3.Droid", "CryptText3\CryptText3.Droid\CryptText3.Droid.csproj", "{69BCD06C-7DBE-41FA-8341-70F740FE0367}"
EndProject
Project("{FAE04EC0-301F-11D3-BF4B-00C04F79EFBC}") = "CryptText3.iOS", "CryptText3\CryptText3.iOS\CryptText3.iOS.csproj", "{17564133-93A5-4859-86EC-1111BA5AFBF5}"
EndProject
Project("{FAE04EC0-301F-11D3-BF4B-00C04F79EFBC}") = "CryptText3.WinPhone", "CryptText3\CryptText3.WinPhone\CryptText3.WinPhone.csproj", "{F4FC24BC-B2DE-405B-BCE9-88CCD8B4A141}"
EndProject
Project("{FAE04EC0-301F-11D3-BF4B-00C04F79EFBC}") = "CryptText3.UWP", "CryptText3\CryptText3.UWP\CryptText3.UWP.csproj", "{FAA57CAE-44E2-43DC-9156-A051CD820A7C}"
EndProject
Project("{FAE04EC0-301F-11D3-BF4B-00C04F79EFBC}") = "CryptText3.Windows", "CryptText3\CryptText3.Windows\CryptText3.Windows.csproj", "{DCAFF4D9-4B59-4936-BC75-3F79873A4002}"
EndProject
Project("{FAE04EC0-301F-11D3-BF4B-00C04F79EFBC}") = "CryptText3", "CryptText3\CryptText3\CryptText3.csproj", "{AC81783A-FF97-4ED2-B139-F1CDF6B76DB5}"
EndProject
Global
	GlobalSection(SolutionConfigurationPlatforms) = preSolution
		Ad-Hoc|Any CPU = Ad-Hoc|Any CPU
		Ad-Hoc|ARM = Ad-Hoc|ARM
		Ad-Hoc|iPhone = Ad-Hoc|iPhone
		Ad-Hoc|iPhoneSimulator = Ad-Hoc|iPhoneSimulator
		Ad-Hoc|x64 = Ad-Hoc|x64
		Ad-Hoc|x86 = Ad-Hoc|x86
		AppStore|Any CPU = AppStore|Any CPU
		AppStore|ARM = AppStore|ARM
		AppStore|iPhone = AppStore|iPhone
		AppStore|iPhoneSimulator = AppStore|iPhoneSimulator
		AppStore|x64 = AppStore|x64
		AppStore|x86 = AppStore|x86
		Debug|Any CPU = Debug|Any CPU
		Debug|ARM = Debug|ARM
		Debug|iPhone = Debug|iPhone
		Debug|iPhoneSimulator = Debug|iPhoneSimulator
		Debug|x64 = Debug|x64
		Debug|x86 = Debug|x86
		Release|Any CPU = Release|Any CPU
		Release|ARM = Release|ARM
		Release|iPhone = Release|iPhone
		Release|iPhoneSimulator = Release|iPhoneSimulator
		Release|x64 = Release|x64
		Release|x86 = Release|x86
	EndGlobalSection
	GlobalSection(ProjectConfigurationPlatforms) = postSolution
		{69BCD06C-7DBE-41FA-8341-70F740FE0367}.Ad-Hoc|Any CPU.ActiveCfg = Release|Any CPU
		{69BCD06C-7DBE-41FA-8341-70F740FE0367}.Ad-Hoc|Any CPU.Build.0 = Release|Any CPU
		{69BCD06C-7DBE-41FA-8341-70F740FE0367}.Ad-Hoc|Any CPU.Deploy.0 = Release|Any CPU
		{69BCD06C-7DBE-41FA-8341-70F740FE0367}.Ad-Hoc|ARM.ActiveCfg = Release|Any CPU
		{69BCD06C-7DBE-41FA-8341-70F740FE0367}.Ad-Hoc|ARM.Build.0 = Release|Any CPU
		{69BCD06C-7DBE-41FA-8341-70F740FE0367}.Ad-Hoc|ARM.Deploy.0 = Release|Any CPU
		{69BCD06C-7DBE-41FA-8341-70F740FE0367}.Ad-Hoc|iPhone.ActiveCfg = Release|Any CPU
		{69BCD06C-7DBE-41FA-8341-70F740FE0367}.Ad-Hoc|iPhone.Build.0 = Release|Any CPU
		{69BCD06C-7DBE-41FA-8341-70F740FE0367}.Ad-Hoc|iPhone.Deploy.0 = Release|Any CPU
		{69BCD06C-7DBE-41FA-8341-70F740FE0367}.Ad-Hoc|iPhoneSimulator.ActiveCfg = Release|Any CPU
		{69BCD06C-7DBE-41FA-8341-70F740FE0367}.Ad-Hoc|iPhoneSimulator.Build.0 = Release|Any CPU
		{69BCD06C-7DBE-41FA-8341-70F740FE0367}.Ad-Hoc|iPhoneSimulator.Deploy.0 = Release|Any CPU
		{69BCD06C-7DBE-41FA-8341-70F740FE0367}.Ad-Hoc|x64.ActiveCfg = Release|Any CPU
		{69BCD06C-7DBE-41FA-8341-70F740FE0367}.Ad-Hoc|x64.Build.0 = Release|Any CPU
		{69BCD06C-7DBE-41FA-8341-70F740FE0367}.Ad-Hoc|x64.Deploy.0 = Release|Any CPU
		{69BCD06C-7DBE-41FA-8341-70F740FE0367}.Ad-Hoc|x86.ActiveCfg = Release|Any CPU
		{69BCD06C-7DBE-41FA-8341-70F740FE0367}.Ad-Hoc|x86.Build.0 = Release|Any CPU
		{69BCD06C-7DBE-41FA-8341-70F740FE0367}.Ad-Hoc|x86.Deploy.0 = Release|Any CPU
		{69BCD06C-7DBE-41FA-8341-70F740FE0367}.AppStore|Any CPU.ActiveCfg = Release|Any CPU
		{69BCD06C-7DBE-41FA-8341-70F740FE0367}.AppStore|Any CPU.Build.0 = Release|Any CPU
		{69BCD06C-7DBE-41FA-8341-70F740FE0367}.AppStore|Any CPU.Deploy.0 = Release|Any CPU
		{69BCD06C-7DBE-41FA-8341-70F740FE0367}.AppStore|ARM.ActiveCfg = Release|Any CPU
		{69BCD06C-7DBE-41FA-8341-70F740FE0367}.AppStore|ARM.Build.0 = Release|Any CPU
		{69BCD06C-7DBE-41FA-8341-70F740FE0367}.AppStore|ARM.Deploy.0 = Release|Any CPU
		{69BCD06C-7DBE-41FA-8341-70F740FE0367}.AppStore|iPhone.ActiveCfg = Release|Any CPU
		{69BCD06C-7DBE-41FA-8341-70F740FE0367}.AppStore|iPhone.Build.0 = Release|Any CPU
		{69BCD06C-7DBE-41FA-8341-70F740FE0367}.AppStore|iPhone.Deploy.0 = Release|Any CPU
		{69BCD06C-7DBE-41FA-8341-70F740FE0367}.AppStore|iPhoneSimulator.ActiveCfg = Release|Any CPU
		{69BCD06C-7DBE-41FA-8341-70F740FE0367}.AppStore|iPhoneSimulator.Build.0 = Release|Any CPU
		{69BCD06C-7DBE-41FA-8341-70F740FE0367}.AppStore|iPhoneSimulator.Deploy.0 = Release|Any CPU
		{69BCD06C-7DBE-41FA-8341-70F740FE0367}.AppStore|x64.ActiveCfg = Release|Any CPU
		{69BCD06C-7DBE-41FA-8341-70F740FE0367}.AppStore|x64.Build.0 = Release|Any CPU
		{69BCD06C-7DBE-41FA-8341-70F740FE0367}.AppStore|x64.Deploy.0 = Release|Any CPU
		{69BCD06C-7DBE-41FA-8341-70F740FE0367}.AppStore|x86.ActiveCfg = Release|Any CPU
		{69BCD06C-7DBE-41FA-8341-70F740FE0367}.AppStore|x86.Build.0 = Release|Any CPU
		{69BCD06C-7DBE-41FA-8341-70F740FE0367}.AppStore|x86.Deploy.0 = Release|Any CPU
		{69BCD06C-7DBE-41FA-8341-70F740FE0367}.Debug|Any CPU.ActiveCfg = Debug|Any CPU
		{69BCD06C-7DBE-41FA-8341-70F740FE0367}.Debug|Any CPU.Build.0 = Debug|Any CPU
		{69BCD06C-7DBE-41FA-8341-70F740FE0367}.Debug|Any CPU.Deploy.0 = Debug|Any CPU
		{69BCD06C-7DBE-41FA-8341-70F740FE0367}.Debug|ARM.ActiveCfg = Debug|Any CPU
		{69BCD06C-7DBE-41FA-8341-70F740FE0367}.Debug|ARM.Build.0 = Debug|Any CPU
		{69BCD06C-7DBE-41FA-8341-70F740FE0367}.Debug|ARM.Deploy.0 = Debug|Any CPU
		{69BCD06C-7DBE-41FA-8341-70F740FE0367}.Debug|iPhone.ActiveCfg = Debug|Any CPU
		{69BCD06C-7DBE-41FA-8341-70F740FE0367}.Debug|iPhone.Build.0 = Debug|Any CPU
		{69BCD06C-7DBE-41FA-8341-70F740FE0367}.Debug|iPhone.Deploy.0 = Debug|Any CPU
		{69BCD06C-7DBE-41FA-8341-70F740FE0367}.Debug|iPhoneSimulator.ActiveCfg = Debug|Any CPU
		{69BCD06C-7DBE-41FA-8341-70F740FE0367}.Debug|iPhoneSimulator.Build.0 = Debug|Any CPU
		{69BCD06C-7DBE-41FA-8341-70F740FE0367}.Debug|iPhoneSimulator.Deploy.0 = Debug|Any CPU
		{69BCD06C-7DBE-41FA-8341-70F740FE0367}.Debug|x64.ActiveCfg = Debug|Any CPU
		{69BCD06C-7DBE-41FA-8341-70F740FE0367}.Debug|x64.Build.0 = Debug|Any CPU
		{69BCD06C-7DBE-41FA-8341-70F740FE0367}.Debug|x64.Deploy.0 = Debug|Any CPU
		{69BCD06C-7DBE-41FA-8341-70F740FE0367}.Debug|x86.ActiveCfg = Debug|Any CPU
		{69BCD06C-7DBE-41FA-8341-70F740FE0367}.Debug|x86.Build.0 = Debug|Any CPU
		{69BCD06C-7DBE-41FA-8341-70F740FE0367}.Debug|x86.Deploy.0 = Debug|Any CPU
		{69BCD06C-7DBE-41FA-8341-70F740FE0367}.Release|Any CPU.ActiveCfg = Release|Any CPU
		{69BCD06C-7DBE-41FA-8341-70F740FE0367}.Release|Any CPU.Build.0 = Release|Any CPU
		{69BCD06C-7DBE-41FA-8341-70F740FE0367}.Release|Any CPU.Deploy.0 = Release|Any CPU
		{69BCD06C-7DBE-41FA-8341-70F740FE0367}.Release|ARM.ActiveCfg = Release|Any CPU
		{69BCD06C-7DBE-41FA-8341-70F740FE0367}.Release|ARM.Build.0 = Release|Any CPU
		{69BCD06C-7DBE-41FA-8341-70F740FE0367}.Release|ARM.Deploy.0 = Release|Any CPU
		{69BCD06C-7DBE-41FA-8341-70F740FE0367}.Release|iPhone.ActiveCfg = Release|Any CPU
		{69BCD06C-7DBE-41FA-8341-70F740FE0367}.Release|iPhone.Build.0 = Release|Any CPU
		{69BCD06C-7DBE-41FA-8341-70F740FE0367}.Release|iPhone.Deploy.0 = Release|Any CPU
		{69BCD06C-7DBE-41FA-8341-70F740FE0367}.Release|iPhoneSimulator.ActiveCfg = Release|Any CPU
		{69BCD06C-7DBE-41FA-8341-70F740FE0367}.Release|iPhoneSimulator.Build.0 = Release|Any CPU
		{69BCD06C-7DBE-41FA-8341-70F740FE0367}.Release|iPhoneSimulator.Deploy.0 = Release|Any CPU
		{69BCD06C-7DBE-41FA-8341-70F740FE0367}.Release|x64.ActiveCfg = Release|Any CPU
		{69BCD06C-7DBE-41FA-8341-70F740FE0367}.Release|x64.Build.0 = Release|Any CPU
		{69BCD06C-7DBE-41FA-8341-70F740FE0367}.Release|x64.Deploy.0 = Release|Any CPU
		{69BCD06C-7DBE-41FA-8341-70F740FE0367}.Release|x86.ActiveCfg = Release|Any CPU
		{69BCD06C-7DBE-41FA-8341-70F740FE0367}.Release|x86.Build.0 = Release|Any CPU
		{69BCD06C-7DBE-41FA-8341-70F740FE0367}.Release|x86.Deploy.0 = Release|Any CPU
		{17564133-93A5-4859-86EC-1111BA5AFBF5}.Ad-Hoc|Any CPU.ActiveCfg = Ad-Hoc|iPhone
		{17564133-93A5-4859-86EC-1111BA5AFBF5}.Ad-Hoc|ARM.ActiveCfg = Ad-Hoc|iPhone
		{17564133-93A5-4859-86EC-1111BA5AFBF5}.Ad-Hoc|iPhone.ActiveCfg = Ad-Hoc|iPhone
		{17564133-93A5-4859-86EC-1111BA5AFBF5}.Ad-Hoc|iPhone.Build.0 = Ad-Hoc|iPhone
		{17564133-93A5-4859-86EC-1111BA5AFBF5}.Ad-Hoc|iPhoneSimulator.ActiveCfg = Ad-Hoc|iPhoneSimulator
		{17564133-93A5-4859-86EC-1111BA5AFBF5}.Ad-Hoc|iPhoneSimulator.Build.0 = Ad-Hoc|iPhoneSimulator
		{17564133-93A5-4859-86EC-1111BA5AFBF5}.Ad-Hoc|x64.ActiveCfg = Ad-Hoc|iPhone
		{17564133-93A5-4859-86EC-1111BA5AFBF5}.Ad-Hoc|x86.ActiveCfg = Ad-Hoc|iPhone
		{17564133-93A5-4859-86EC-1111BA5AFBF5}.AppStore|Any CPU.ActiveCfg = AppStore|iPhone
		{17564133-93A5-4859-86EC-1111BA5AFBF5}.AppStore|ARM.ActiveCfg = AppStore|iPhone
		{17564133-93A5-4859-86EC-1111BA5AFBF5}.AppStore|iPhone.ActiveCfg = AppStore|iPhone
		{17564133-93A5-4859-86EC-1111BA5AFBF5}.AppStore|iPhone.Build.0 = AppStore|iPhone
		{17564133-93A5-4859-86EC-1111BA5AFBF5}.AppStore|iPhoneSimulator.ActiveCfg = AppStore|iPhoneSimulator
		{17564133-93A5-4859-86EC-1111BA5AFBF5}.AppStore|iPhoneSimulator.Build.0 = AppStore|iPhoneSimulator
		{17564133-93A5-4859-86EC-1111BA5AFBF5}.AppStore|x64.ActiveCfg = AppStore|iPhone
		{17564133-93A5-4859-86EC-1111BA5AFBF5}.AppStore|x86.ActiveCfg = AppStore|iPhone
		{17564133-93A5-4859-86EC-1111BA5AFBF5}.Debug|Any CPU.ActiveCfg = Debug|iPhone
		{17564133-93A5-4859-86EC-1111BA5AFBF5}.Debug|ARM.ActiveCfg = Debug|iPhone
		{17564133-93A5-4859-86EC-1111BA5AFBF5}.Debug|iPhone.ActiveCfg = Debug|iPhone
		{17564133-93A5-4859-86EC-1111BA5AFBF5}.Debug|iPhone.Build.0 = Debug|iPhone
		{17564133-93A5-4859-86EC-1111BA5AFBF5}.Debug|iPhoneSimulator.ActiveCfg = Debug|iPhoneSimulator
		{17564133-93A5-4859-86EC-1111BA5AFBF5}.Debug|iPhoneSimulator.Build.0 = Debug|iPhoneSimulator
		{17564133-93A5-4859-86EC-1111BA5AFBF5}.Debug|x64.ActiveCfg = Debug|iPhone
		{17564133-93A5-4859-86EC-1111BA5AFBF5}.Debug|x86.ActiveCfg = Debug|iPhone
		{17564133-93A5-4859-86EC-1111BA5AFBF5}.Release|Any CPU.ActiveCfg = Release|iPhone
		{17564133-93A5-4859-86EC-1111BA5AFBF5}.Release|ARM.ActiveCfg = Release|iPhone
		{17564133-93A5-4859-86EC-1111BA5AFBF5}.Release|iPhone.ActiveCfg = Release|iPhone
		{17564133-93A5-4859-86EC-1111BA5AFBF5}.Release|iPhone.Build.0 = Release|iPhone
		{17564133-93A5-4859-86EC-1111BA5AFBF5}.Release|iPhoneSimulator.ActiveCfg = Release|iPhoneSimulator
		{17564133-93A5-4859-86EC-1111BA5AFBF5}.Release|iPhoneSimulator.Build.0 = Release|iPhoneSimulator
		{17564133-93A5-4859-86EC-1111BA5AFBF5}.Release|x64.ActiveCfg = Release|iPhone
		{17564133-93A5-4859-86EC-1111BA5AFBF5}.Release|x86.ActiveCfg = Release|iPhone
		{F4FC24BC-B2DE-405B-BCE9-88CCD8B4A141}.Ad-Hoc|Any CPU.ActiveCfg = Release|Any CPU
		{F4FC24BC-B2DE-405B-BCE9-88CCD8B4A141}.Ad-Hoc|Any CPU.Build.0 = Release|Any CPU
		{F4FC24BC-B2DE-405B-BCE9-88CCD8B4A141}.Ad-Hoc|Any CPU.Deploy.0 = Release|Any CPU
		{F4FC24BC-B2DE-405B-BCE9-88CCD8B4A141}.Ad-Hoc|ARM.ActiveCfg = Release|ARM
		{F4FC24BC-B2DE-405B-BCE9-88CCD8B4A141}.Ad-Hoc|ARM.Build.0 = Release|ARM
		{F4FC24BC-B2DE-405B-BCE9-88CCD8B4A141}.Ad-Hoc|ARM.Deploy.0 = Release|ARM
		{F4FC24BC-B2DE-405B-BCE9-88CCD8B4A141}.Ad-Hoc|iPhone.ActiveCfg = Release|Any CPU
		{F4FC24BC-B2DE-405B-BCE9-88CCD8B4A141}.Ad-Hoc|iPhone.Build.0 = Release|Any CPU
		{F4FC24BC-B2DE-405B-BCE9-88CCD8B4A141}.Ad-Hoc|iPhone.Deploy.0 = Release|Any CPU
		{F4FC24BC-B2DE-405B-BCE9-88CCD8B4A141}.Ad-Hoc|iPhoneSimulator.ActiveCfg = Release|Any CPU
		{F4FC24BC-B2DE-405B-BCE9-88CCD8B4A141}.Ad-Hoc|iPhoneSimulator.Build.0 = Release|Any CPU
		{F4FC24BC-B2DE-405B-BCE9-88CCD8B4A141}.Ad-Hoc|iPhoneSimulator.Deploy.0 = Release|Any CPU
		{F4FC24BC-B2DE-405B-BCE9-88CCD8B4A141}.Ad-Hoc|x64.ActiveCfg = Release|Any CPU
		{F4FC24BC-B2DE-405B-BCE9-88CCD8B4A141}.Ad-Hoc|x64.Build.0 = Release|Any CPU
		{F4FC24BC-B2DE-405B-BCE9-88CCD8B4A141}.Ad-Hoc|x64.Deploy.0 = Release|Any CPU
		{F4FC24BC-B2DE-405B-BCE9-88CCD8B4A141}.Ad-Hoc|x86.ActiveCfg = Release|x86
		{F4FC24BC-B2DE-405B-BCE9-88CCD8B4A141}.Ad-Hoc|x86.Build.0 = Release|x86
		{F4FC24BC-B2DE-405B-BCE9-88CCD8B4A141}.Ad-Hoc|x86.Deploy.0 = Release|x86
		{F4FC24BC-B2DE-405B-BCE9-88CCD8B4A141}.AppStore|Any CPU.ActiveCfg = Release|Any CPU
		{F4FC24BC-B2DE-405B-BCE9-88CCD8B4A141}.AppStore|Any CPU.Build.0 = Release|Any CPU
		{F4FC24BC-B2DE-405B-BCE9-88CCD8B4A141}.AppStore|Any CPU.Deploy.0 = Release|Any CPU
		{F4FC24BC-B2DE-405B-BCE9-88CCD8B4A141}.AppStore|ARM.ActiveCfg = Release|ARM
		{F4FC24BC-B2DE-405B-BCE9-88CCD8B4A141}.AppStore|ARM.Build.0 = Release|ARM
		{F4FC24BC-B2DE-405B-BCE9-88CCD8B4A141}.AppStore|ARM.Deploy.0 = Release|ARM
		{F4FC24BC-B2DE-405B-BCE9-88CCD8B4A141}.AppStore|iPhone.ActiveCfg = Release|Any CPU
		{F4FC24BC-B2DE-405B-BCE9-88CCD8B4A141}.AppStore|iPhone.Build.0 = Release|Any CPU
		{F4FC24BC-B2DE-405B-BCE9-88CCD8B4A141}.AppStore|iPhone.Deploy.0 = Release|Any CPU
		{F4FC24BC-B2DE-405B-BCE9-88CCD8B4A141}.AppStore|iPhoneSimulator.ActiveCfg = Release|Any CPU
		{F4FC24BC-B2DE-405B-BCE9-88CCD8B4A141}.AppStore|iPhoneSimulator.Build.0 = Release|Any CPU
		{F4FC24BC-B2DE-405B-BCE9-88CCD8B4A141}.AppStore|iPhoneSimulator.Deploy.0 = Release|Any CPU
		{F4FC24BC-B2DE-405B-BCE9-88CCD8B4A141}.AppStore|x64.ActiveCfg = Release|Any CPU
		{F4FC24BC-B2DE-405B-BCE9-88CCD8B4A141}.AppStore|x64.Build.0 = Release|Any CPU
		{F4FC24BC-B2DE-405B-BCE9-88CCD8B4A141}.AppStore|x64.Deploy.0 = Release|Any CPU
		{F4FC24BC-B2DE-405B-BCE9-88CCD8B4A141}.AppStore|x86.ActiveCfg = Release|x86
		{F4FC24BC-B2DE-405B-BCE9-88CCD8B4A141}.AppStore|x86.Build.0 = Release|x86
		{F4FC24BC-B2DE-405B-BCE9-88CCD8B4A141}.AppStore|x86.Deploy.0 = Release|x86
		{F4FC24BC-B2DE-405B-BCE9-88CCD8B4A141}.Debug|Any CPU.ActiveCfg = Debug|Any CPU
		{F4FC24BC-B2DE-405B-BCE9-88CCD8B4A141}.Debug|Any CPU.Build.0 = Debug|Any CPU
		{F4FC24BC-B2DE-405B-BCE9-88CCD8B4A141}.Debug|Any CPU.Deploy.0 = Debug|Any CPU
		{F4FC24BC-B2DE-405B-BCE9-88CCD8B4A141}.Debug|ARM.ActiveCfg = Debug|ARM
		{F4FC24BC-B2DE-405B-BCE9-88CCD8B4A141}.Debug|ARM.Build.0 = Debug|ARM
		{F4FC24BC-B2DE-405B-BCE9-88CCD8B4A141}.Debug|ARM.Deploy.0 = Debug|ARM
		{F4FC24BC-B2DE-405B-BCE9-88CCD8B4A141}.Debug|iPhone.ActiveCfg = Debug|Any CPU
		{F4FC24BC-B2DE-405B-BCE9-88CCD8B4A141}.Debug|iPhone.Build.0 = Debug|Any CPU
		{F4FC24BC-B2DE-405B-BCE9-88CCD8B4A141}.Debug|iPhone.Deploy.0 = Debug|Any CPU
		{F4FC24BC-B2DE-405B-BCE9-88CCD8B4A141}.Debug|iPhoneSimulator.ActiveCfg = Debug|Any CPU
		{F4FC24BC-B2DE-405B-BCE9-88CCD8B4A141}.Debug|iPhoneSimulator.Build.0 = Debug|Any CPU
		{F4FC24BC-B2DE-405B-BCE9-88CCD8B4A141}.Debug|iPhoneSimulator.Deploy.0 = Debug|Any CPU
		{F4FC24BC-B2DE-405B-BCE9-88CCD8B4A141}.Debug|x64.ActiveCfg = Debug|Any CPU
		{F4FC24BC-B2DE-405B-BCE9-88CCD8B4A141}.Debug|x64.Build.0 = Debug|Any CPU
		{F4FC24BC-B2DE-405B-BCE9-88CCD8B4A141}.Debug|x64.Deploy.0 = Debug|Any CPU
		{F4FC24BC-B2DE-405B-BCE9-88CCD8B4A141}.Debug|x86.ActiveCfg = Debug|x86
		{F4FC24BC-B2DE-405B-BCE9-88CCD8B4A141}.Debug|x86.Build.0 = Debug|x86
		{F4FC24BC-B2DE-405B-BCE9-88CCD8B4A141}.Debug|x86.Deploy.0 = Debug|x86
		{F4FC24BC-B2DE-405B-BCE9-88CCD8B4A141}.Release|Any CPU.ActiveCfg = Release|Any CPU
		{F4FC24BC-B2DE-405B-BCE9-88CCD8B4A141}.Release|Any CPU.Build.0 = Release|Any CPU
		{F4FC24BC-B2DE-405B-BCE9-88CCD8B4A141}.Release|Any CPU.Deploy.0 = Release|Any CPU
		{F4FC24BC-B2DE-405B-BCE9-88CCD8B4A141}.Release|ARM.ActiveCfg = Release|ARM
		{F4FC24BC-B2DE-405B-BCE9-88CCD8B4A141}.Release|ARM.Build.0 = Release|ARM
		{F4FC24BC-B2DE-405B-BCE9-88CCD8B4A141}.Release|ARM.Deploy.0 = Release|ARM
		{F4FC24BC-B2DE-405B-BCE9-88CCD8B4A141}.Release|iPhone.ActiveCfg = Release|Any CPU
		{F4FC24BC-B2DE-405B-BCE9-88CCD8B4A141}.Release|iPhone.Build.0 = Release|Any CPU
		{F4FC24BC-B2DE-405B-BCE9-88CCD8B4A141}.Release|iPhone.Deploy.0 = Release|Any CPU
		{F4FC24BC-B2DE-405B-BCE9-88CCD8B4A141}.Release|iPhoneSimulator.ActiveCfg = Release|Any CPU
		{F4FC24BC-B2DE-405B-BCE9-88CCD8B4A141}.Release|iPhoneSimulator.Build.0 = Release|Any CPU
		{F4FC24BC-B2DE-405B-BCE9-88CCD8B4A141}.Release|iPhoneSimulator.Deploy.0 = Release|Any CPU
		{F4FC24BC-B2DE-405B-BCE9-88CCD8B4A141}.Release|x64.ActiveCfg = Release|Any CPU
		{F4FC24BC-B2DE-405B-BCE9-88CCD8B4A141}.Release|x64.Build.0 = Release|Any CPU
		{F4FC24BC-B2DE-405B-BCE9-88CCD8B4A141}.Release|x64.Deploy.0 = Release|Any CPU
		{F4FC24BC-B2DE-405B-BCE9-88CCD8B4A141}.Release|x86.ActiveCfg = Release|x86
		{F4FC24BC-B2DE-405B-BCE9-88CCD8B4A141}.Release|x86.Build.0 = Release|x86
		{F4FC24BC-B2DE-405B-BCE9-88CCD8B4A141}.Release|x86.Deploy.0 = Release|x86
		{FAA57CAE-44E2-43DC-9156-A051CD820A7C}.Ad-Hoc|Any CPU.ActiveCfg = Release|x86
		{FAA57CAE-44E2-43DC-9156-A051CD820A7C}.Ad-Hoc|Any CPU.Build.0 = Release|x86
		{FAA57CAE-44E2-43DC-9156-A051CD820A7C}.Ad-Hoc|Any CPU.Deploy.0 = Release|x86
		{FAA57CAE-44E2-43DC-9156-A051CD820A7C}.Ad-Hoc|ARM.ActiveCfg = Release|ARM
		{FAA57CAE-44E2-43DC-9156-A051CD820A7C}.Ad-Hoc|ARM.Build.0 = Release|ARM
		{FAA57CAE-44E2-43DC-9156-A051CD820A7C}.Ad-Hoc|ARM.Deploy.0 = Release|ARM
		{FAA57CAE-44E2-43DC-9156-A051CD820A7C}.Ad-Hoc|iPhone.ActiveCfg = Release|x86
		{FAA57CAE-44E2-43DC-9156-A051CD820A7C}.Ad-Hoc|iPhone.Build.0 = Release|x86
		{FAA57CAE-44E2-43DC-9156-A051CD820A7C}.Ad-Hoc|iPhone.Deploy.0 = Release|x86
		{FAA57CAE-44E2-43DC-9156-A051CD820A7C}.Ad-Hoc|iPhoneSimulator.ActiveCfg = Release|x86
		{FAA57CAE-44E2-43DC-9156-A051CD820A7C}.Ad-Hoc|iPhoneSimulator.Build.0 = Release|x86
		{FAA57CAE-44E2-43DC-9156-A051CD820A7C}.Ad-Hoc|iPhoneSimulator.Deploy.0 = Release|x86
		{FAA57CAE-44E2-43DC-9156-A051CD820A7C}.Ad-Hoc|x64.ActiveCfg = Release|x64
		{FAA57CAE-44E2-43DC-9156-A051CD820A7C}.Ad-Hoc|x64.Build.0 = Release|x64
		{FAA57CAE-44E2-43DC-9156-A051CD820A7C}.Ad-Hoc|x64.Deploy.0 = Release|x64
		{FAA57CAE-44E2-43DC-9156-A051CD820A7C}.Ad-Hoc|x86.ActiveCfg = Release|x86
		{FAA57CAE-44E2-43DC-9156-A051CD820A7C}.Ad-Hoc|x86.Build.0 = Release|x86
		{FAA57CAE-44E2-43DC-9156-A051CD820A7C}.Ad-Hoc|x86.Deploy.0 = Release|x86
		{FAA57CAE-44E2-43DC-9156-A051CD820A7C}.AppStore|Any CPU.ActiveCfg = Release|x86
		{FAA57CAE-44E2-43DC-9156-A051CD820A7C}.AppStore|Any CPU.Build.0 = Release|x86
		{FAA57CAE-44E2-43DC-9156-A051CD820A7C}.AppStore|Any CPU.Deploy.0 = Release|x86
		{FAA57CAE-44E2-43DC-9156-A051CD820A7C}.AppStore|ARM.ActiveCfg = Release|ARM
		{FAA57CAE-44E2-43DC-9156-A051CD820A7C}.AppStore|ARM.Build.0 = Release|ARM
		{FAA57CAE-44E2-43DC-9156-A051CD820A7C}.AppStore|ARM.Deploy.0 = Release|ARM
		{FAA57CAE-44E2-43DC-9156-A051CD820A7C}.AppStore|iPhone.ActiveCfg = Release|x86
		{FAA57CAE-44E2-43DC-9156-A051CD820A7C}.AppStore|iPhone.Build.0 = Release|x86
		{FAA57CAE-44E2-43DC-9156-A051CD820A7C}.AppStore|iPhone.Deploy.0 = Release|x86
		{FAA57CAE-44E2-43DC-9156-A051CD820A7C}.AppStore|iPhoneSimulator.ActiveCfg = Release|x86
		{FAA57CAE-44E2-43DC-9156-A051CD820A7C}.AppStore|iPhoneSimulator.Build.0 = Release|x86
		{FAA57CAE-44E2-43DC-9156-A051CD820A7C}.AppStore|iPhoneSimulator.Deploy.0 = Release|x86
		{FAA57CAE-44E2-43DC-9156-A051CD820A7C}.AppStore|x64.ActiveCfg = Release|x64
		{FAA57CAE-44E2-43DC-9156-A051CD820A7C}.AppStore|x64.Build.0 = Release|x64
		{FAA57CAE-44E2-43DC-9156-A051CD820A7C}.AppStore|x64.Deploy.0 = Release|x64
		{FAA57CAE-44E2-43DC-9156-A051CD820A7C}.AppStore|x86.ActiveCfg = Release|x86
		{FAA57CAE-44E2-43DC-9156-A051CD820A7C}.AppStore|x86.Build.0 = Release|x86
		{FAA57CAE-44E2-43DC-9156-A051CD820A7C}.AppStore|x86.Deploy.0 = Release|x86
		{FAA57CAE-44E2-43DC-9156-A051CD820A7C}.Debug|Any CPU.ActiveCfg = Debug|x86
		{FAA57CAE-44E2-43DC-9156-A051CD820A7C}.Debug|ARM.ActiveCfg = Debug|ARM
		{FAA57CAE-44E2-43DC-9156-A051CD820A7C}.Debug|ARM.Build.0 = Debug|ARM
		{FAA57CAE-44E2-43DC-9156-A051CD820A7C}.Debug|ARM.Deploy.0 = Debug|ARM
		{FAA57CAE-44E2-43DC-9156-A051CD820A7C}.Debug|iPhone.ActiveCfg = Debug|x86
		{FAA57CAE-44E2-43DC-9156-A051CD820A7C}.Debug|iPhoneSimulator.ActiveCfg = Debug|x86
		{FAA57CAE-44E2-43DC-9156-A051CD820A7C}.Debug|x64.ActiveCfg = Debug|x64
		{FAA57CAE-44E2-43DC-9156-A051CD820A7C}.Debug|x64.Build.0 = Debug|x64
		{FAA57CAE-44E2-43DC-9156-A051CD820A7C}.Debug|x64.Deploy.0 = Debug|x64
		{FAA57CAE-44E2-43DC-9156-A051CD820A7C}.Debug|x86.ActiveCfg = Debug|x86
		{FAA57CAE-44E2-43DC-9156-A051CD820A7C}.Debug|x86.Build.0 = Debug|x86
		{FAA57CAE-44E2-43DC-9156-A051CD820A7C}.Debug|x86.Deploy.0 = Debug|x86
		{FAA57CAE-44E2-43DC-9156-A051CD820A7C}.Release|Any CPU.ActiveCfg = Release|x86
		{FAA57CAE-44E2-43DC-9156-A051CD820A7C}.Release|ARM.ActiveCfg = Release|ARM
		{FAA57CAE-44E2-43DC-9156-A051CD820A7C}.Release|ARM.Build.0 = Release|ARM
		{FAA57CAE-44E2-43DC-9156-A051CD820A7C}.Release|ARM.Deploy.0 = Release|ARM
		{FAA57CAE-44E2-43DC-9156-A051CD820A7C}.Release|iPhone.ActiveCfg = Release|x86
		{FAA57CAE-44E2-43DC-9156-A051CD820A7C}.Release|iPhoneSimulator.ActiveCfg = Release|x86
		{FAA57CAE-44E2-43DC-9156-A051CD820A7C}.Release|x64.ActiveCfg = Release|x64
		{FAA57CAE-44E2-43DC-9156-A051CD820A7C}.Release|x64.Build.0 = Release|x64
		{FAA57CAE-44E2-43DC-9156-A051CD820A7C}.Release|x64.Deploy.0 = Release|x64
		{FAA57CAE-44E2-43DC-9156-A051CD820A7C}.Release|x86.ActiveCfg = Release|x86
		{FAA57CAE-44E2-43DC-9156-A051CD820A7C}.Release|x86.Build.0 = Release|x86
		{FAA57CAE-44E2-43DC-9156-A051CD820A7C}.Release|x86.Deploy.0 = Release|x86
		{DCAFF4D9-4B59-4936-BC75-3F79873A4002}.Ad-Hoc|Any CPU.ActiveCfg = Release|Any CPU
		{DCAFF4D9-4B59-4936-BC75-3F79873A4002}.Ad-Hoc|Any CPU.Build.0 = Release|Any CPU
		{DCAFF4D9-4B59-4936-BC75-3F79873A4002}.Ad-Hoc|Any CPU.Deploy.0 = Release|Any CPU
		{DCAFF4D9-4B59-4936-BC75-3F79873A4002}.Ad-Hoc|ARM.ActiveCfg = Release|ARM
		{DCAFF4D9-4B59-4936-BC75-3F79873A4002}.Ad-Hoc|ARM.Build.0 = Release|ARM
		{DCAFF4D9-4B59-4936-BC75-3F79873A4002}.Ad-Hoc|ARM.Deploy.0 = Release|ARM
		{DCAFF4D9-4B59-4936-BC75-3F79873A4002}.Ad-Hoc|iPhone.ActiveCfg = Release|Any CPU
		{DCAFF4D9-4B59-4936-BC75-3F79873A4002}.Ad-Hoc|iPhone.Build.0 = Release|Any CPU
		{DCAFF4D9-4B59-4936-BC75-3F79873A4002}.Ad-Hoc|iPhone.Deploy.0 = Release|Any CPU
		{DCAFF4D9-4B59-4936-BC75-3F79873A4002}.Ad-Hoc|iPhoneSimulator.ActiveCfg = Release|Any CPU
		{DCAFF4D9-4B59-4936-BC75-3F79873A4002}.Ad-Hoc|iPhoneSimulator.Build.0 = Release|Any CPU
		{DCAFF4D9-4B59-4936-BC75-3F79873A4002}.Ad-Hoc|iPhoneSimulator.Deploy.0 = Release|Any CPU
		{DCAFF4D9-4B59-4936-BC75-3F79873A4002}.Ad-Hoc|x64.ActiveCfg = Release|x64
		{DCAFF4D9-4B59-4936-BC75-3F79873A4002}.Ad-Hoc|x64.Build.0 = Release|x64
		{DCAFF4D9-4B59-4936-BC75-3F79873A4002}.Ad-Hoc|x64.Deploy.0 = Release|x64
		{DCAFF4D9-4B59-4936-BC75-3F79873A4002}.Ad-Hoc|x86.ActiveCfg = Release|x86
		{DCAFF4D9-4B59-4936-BC75-3F79873A4002}.Ad-Hoc|x86.Build.0 = Release|x86
		{DCAFF4D9-4B59-4936-BC75-3F79873A4002}.Ad-Hoc|x86.Deploy.0 = Release|x86
		{DCAFF4D9-4B59-4936-BC75-3F79873A4002}.AppStore|Any CPU.ActiveCfg = Release|Any CPU
		{DCAFF4D9-4B59-4936-BC75-3F79873A4002}.AppStore|Any CPU.Build.0 = Release|Any CPU
		{DCAFF4D9-4B59-4936-BC75-3F79873A4002}.AppStore|Any CPU.Deploy.0 = Release|Any CPU
		{DCAFF4D9-4B59-4936-BC75-3F79873A4002}.AppStore|ARM.ActiveCfg = Release|ARM
		{DCAFF4D9-4B59-4936-BC75-3F79873A4002}.AppStore|ARM.Build.0 = Release|ARM
		{DCAFF4D9-4B59-4936-BC75-3F79873A4002}.AppStore|ARM.Deploy.0 = Release|ARM
		{DCAFF4D9-4B59-4936-BC75-3F79873A4002}.AppStore|iPhone.ActiveCfg = Release|Any CPU
		{DCAFF4D9-4B59-4936-BC75-3F79873A4002}.AppStore|iPhone.Build.0 = Release|Any CPU
		{DCAFF4D9-4B59-4936-BC75-3F79873A4002}.AppStore|iPhone.Deploy.0 = Release|Any CPU
		{DCAFF4D9-4B59-4936-BC75-3F79873A4002}.AppStore|iPhoneSimulator.ActiveCfg = Release|Any CPU
		{DCAFF4D9-4B59-4936-BC75-3F79873A4002}.AppStore|iPhoneSimulator.Build.0 = Release|Any CPU
		{DCAFF4D9-4B59-4936-BC75-3F79873A4002}.AppStore|iPhoneSimulator.Deploy.0 = Release|Any CPU
		{DCAFF4D9-4B59-4936-BC75-3F79873A4002}.AppStore|x64.ActiveCfg = Release|x64
		{DCAFF4D9-4B59-4936-BC75-3F79873A4002}.AppStore|x64.Build.0 = Release|x64
		{DCAFF4D9-4B59-4936-BC75-3F79873A4002}.AppStore|x64.Deploy.0 = Release|x64
		{DCAFF4D9-4B59-4936-BC75-3F79873A4002}.AppStore|x86.ActiveCfg = Release|x86
		{DCAFF4D9-4B59-4936-BC75-3F79873A4002}.AppStore|x86.Build.0 = Release|x86
		{DCAFF4D9-4B59-4936-BC75-3F79873A4002}.AppStore|x86.Deploy.0 = Release|x86
		{DCAFF4D9-4B59-4936-BC75-3F79873A4002}.Debug|Any CPU.ActiveCfg = Debug|Any CPU
		{DCAFF4D9-4B59-4936-BC75-3F79873A4002}.Debug|Any CPU.Build.0 = Debug|Any CPU
		{DCAFF4D9-4B59-4936-BC75-3F79873A4002}.Debug|Any CPU.Deploy.0 = Debug|Any CPU
		{DCAFF4D9-4B59-4936-BC75-3F79873A4002}.Debug|ARM.ActiveCfg = Debug|ARM
		{DCAFF4D9-4B59-4936-BC75-3F79873A4002}.Debug|ARM.Build.0 = Debug|ARM
		{DCAFF4D9-4B59-4936-BC75-3F79873A4002}.Debug|ARM.Deploy.0 = Debug|ARM
		{DCAFF4D9-4B59-4936-BC75-3F79873A4002}.Debug|iPhone.ActiveCfg = Debug|Any CPU
		{DCAFF4D9-4B59-4936-BC75-3F79873A4002}.Debug|iPhone.Build.0 = Debug|Any CPU
		{DCAFF4D9-4B59-4936-BC75-3F79873A4002}.Debug|iPhone.Deploy.0 = Debug|Any CPU
		{DCAFF4D9-4B59-4936-BC75-3F79873A4002}.Debug|iPhoneSimulator.ActiveCfg = Debug|Any CPU
		{DCAFF4D9-4B59-4936-BC75-3F79873A4002}.Debug|iPhoneSimulator.Build.0 = Debug|Any CPU
		{DCAFF4D9-4B59-4936-BC75-3F79873A4002}.Debug|iPhoneSimulator.Deploy.0 = Debug|Any CPU
		{DCAFF4D9-4B59-4936-BC75-3F79873A4002}.Debug|x64.ActiveCfg = Debug|x64
		{DCAFF4D9-4B59-4936-BC75-3F79873A4002}.Debug|x64.Build.0 = Debug|x64
		{DCAFF4D9-4B59-4936-BC75-3F79873A4002}.Debug|x64.Deploy.0 = Debug|x64
		{DCAFF4D9-4B59-4936-BC75-3F79873A4002}.Debug|x86.ActiveCfg = Debug|x86
		{DCAFF4D9-4B59-4936-BC75-3F79873A4002}.Debug|x86.Build.0 = Debug|x86
		{DCAFF4D9-4B59-4936-BC75-3F79873A4002}.Debug|x86.Deploy.0 = Debug|x86
		{DCAFF4D9-4B59-4936-BC75-3F79873A4002}.Release|Any CPU.ActiveCfg = Release|Any CPU
		{DCAFF4D9-4B59-4936-BC75-3F79873A4002}.Release|Any CPU.Build.0 = Release|Any CPU
		{DCAFF4D9-4B59-4936-BC75-3F79873A4002}.Release|Any CPU.Deploy.0 = Release|Any CPU
		{DCAFF4D9-4B59-4936-BC75-3F79873A4002}.Release|ARM.ActiveCfg = Release|ARM
		{DCAFF4D9-4B59-4936-BC75-3F79873A4002}.Release|ARM.Build.0 = Release|ARM
		{DCAFF4D9-4B59-4936-BC75-3F79873A4002}.Release|ARM.Deploy.0 = Release|ARM
		{DCAFF4D9-4B59-4936-BC75-3F79873A4002}.Release|iPhone.ActiveCfg = Release|Any CPU
		{DCAFF4D9-4B59-4936-BC75-3F79873A4002}.Release|iPhone.Build.0 = Release|Any CPU
		{DCAFF4D9-4B59-4936-BC75-3F79873A4002}.Release|iPhone.Deploy.0 = Release|Any CPU
		{DCAFF4D9-4B59-4936-BC75-3F79873A4002}.Release|iPhoneSimulator.ActiveCfg = Release|Any CPU
		{DCAFF4D9-4B59-4936-BC75-3F79873A4002}.Release|iPhoneSimulator.Build.0 = Release|Any CPU
		{DCAFF4D9-4B59-4936-BC75-3F79873A4002}.Release|iPhoneSimulator.Deploy.0 = Release|Any CPU
		{DCAFF4D9-4B59-4936-BC75-3F79873A4002}.Release|x64.ActiveCfg = Release|x64
		{DCAFF4D9-4B59-4936-BC75-3F79873A4002}.Release|x64.Build.0 = Release|x64
		{DCAFF4D9-4B59-4936-BC75-3F79873A4002}.Release|x64.Deploy.0 = Release|x64
		{DCAFF4D9-4B59-4936-BC75-3F79873A4002}.Release|x86.ActiveCfg = Release|x86
		{DCAFF4D9-4B59-4936-BC75-3F79873A4002}.Release|x86.Build.0 = Release|x86
		{DCAFF4D9-4B59-4936-BC75-3F79873A4002}.Release|x86.Deploy.0 = Release|x86
		{AC81783A-FF97-4ED2-B139-F1CDF6B76DB5}.Ad-Hoc|Any CPU.ActiveCfg = Release|Any CPU
		{AC81783A-FF97-4ED2-B139-F1CDF6B76DB5}.Ad-Hoc|Any CPU.Build.0 = Release|Any CPU
		{AC81783A-FF97-4ED2-B139-F1CDF6B76DB5}.Ad-Hoc|ARM.ActiveCfg = Release|Any CPU
		{AC81783A-FF97-4ED2-B139-F1CDF6B76DB5}.Ad-Hoc|ARM.Build.0 = Release|Any CPU
		{AC81783A-FF97-4ED2-B139-F1CDF6B76DB5}.Ad-Hoc|iPhone.ActiveCfg = Release|Any CPU
		{AC81783A-FF97-4ED2-B139-F1CDF6B76DB5}.Ad-Hoc|iPhone.Build.0 = Release|Any CPU
		{AC81783A-FF97-4ED2-B139-F1CDF6B76DB5}.Ad-Hoc|iPhoneSimulator.ActiveCfg = Release|Any CPU
		{AC81783A-FF97-4ED2-B139-F1CDF6B76DB5}.Ad-Hoc|iPhoneSimulator.Build.0 = Release|Any CPU
		{AC81783A-FF97-4ED2-B139-F1CDF6B76DB5}.Ad-Hoc|x64.ActiveCfg = Release|Any CPU
		{AC81783A-FF97-4ED2-B139-F1CDF6B76DB5}.Ad-Hoc|x64.Build.0 = Release|Any CPU
		{AC81783A-FF97-4ED2-B139-F1CDF6B76DB5}.Ad-Hoc|x86.ActiveCfg = Release|Any CPU
		{AC81783A-FF97-4ED2-B139-F1CDF6B76DB5}.Ad-Hoc|x86.Build.0 = Release|Any CPU
		{AC81783A-FF97-4ED2-B139-F1CDF6B76DB5}.AppStore|Any CPU.ActiveCfg = Release|Any CPU
		{AC81783A-FF97-4ED2-B139-F1CDF6B76DB5}.AppStore|Any CPU.Build.0 = Release|Any CPU
		{AC81783A-FF97-4ED2-B139-F1CDF6B76DB5}.AppStore|ARM.ActiveCfg = Release|Any CPU
		{AC81783A-FF97-4ED2-B139-F1CDF6B76DB5}.AppStore|ARM.Build.0 = Release|Any CPU
		{AC81783A-FF97-4ED2-B139-F1CDF6B76DB5}.AppStore|iPhone.ActiveCfg = Release|Any CPU
		{AC81783A-FF97-4ED2-B139-F1CDF6B76DB5}.AppStore|iPhone.Build.0 = Release|Any CPU
		{AC81783A-FF97-4ED2-B139-F1CDF6B76DB5}.AppStore|iPhoneSimulator.ActiveCfg = Release|Any CPU
		{AC81783A-FF97-4ED2-B139-F1CDF6B76DB5}.AppStore|iPhoneSimulator.Build.0 = Release|Any CPU
		{AC81783A-FF97-4ED2-B139-F1CDF6B76DB5}.AppStore|x64.ActiveCfg = Release|Any CPU
		{AC81783A-FF97-4ED2-B139-F1CDF6B76DB5}.AppStore|x64.Build.0 = Release|Any CPU
		{AC81783A-FF97-4ED2-B139-F1CDF6B76DB5}.AppStore|x86.ActiveCfg = Release|Any CPU
		{AC81783A-FF97-4ED2-B139-F1CDF6B76DB5}.AppStore|x86.Build.0 = Release|Any CPU
		{AC81783A-FF97-4ED2-B139-F1CDF6B76DB5}.Debug|Any CPU.ActiveCfg = Debug|Any CPU
		{AC81783A-FF97-4ED2-B139-F1CDF6B76DB5}.Debug|Any CPU.Build.0 = Debug|Any CPU
		{AC81783A-FF97-4ED2-B139-F1CDF6B76DB5}.Debug|ARM.ActiveCfg = Debug|Any CPU
		{AC81783A-FF97-4ED2-B139-F1CDF6B76DB5}.Debug|ARM.Build.0 = Debug|Any CPU
		{AC81783A-FF97-4ED2-B139-F1CDF6B76DB5}.Debug|iPhone.ActiveCfg = Debug|Any CPU
		{AC81783A-FF97-4ED2-B139-F1CDF6B76DB5}.Debug|iPhone.Build.0 = Debug|Any CPU
		{AC81783A-FF97-4ED2-B139-F1CDF6B76DB5}.Debug|iPhoneSimulator.ActiveCfg = Debug|Any CPU
		{AC81783A-FF97-4ED2-B139-F1CDF6B76DB5}.Debug|iPhoneSimulator.Build.0 = Debug|Any CPU
		{AC81783A-FF97-4ED2-B139-F1CDF6B76DB5}.Debug|x64.ActiveCfg = Debug|Any CPU
		{AC81783A-FF97-4ED2-B139-F1CDF6B76DB5}.Debug|x64.Build.0 = Debug|Any CPU
		{AC81783A-FF97-4ED2-B139-F1CDF6B76DB5}.Debug|x86.ActiveCfg = Debug|Any CPU
		{AC81783A-FF97-4ED2-B139-F1CDF6B76DB5}.Debug|x86.Build.0 = Debug|Any CPU
		{AC81783A-FF97-4ED2-B139-F1CDF6B76DB5}.Release|Any CPU.ActiveCfg = Release|Any CPU
		{AC81783A-FF97-4ED2-B139-F1CDF6B76DB5}.Release|Any CPU.Build.0 = Release|Any CPU
		{AC81783A-FF97-4ED2-B139-F1CDF6B76DB5}.Release|ARM.ActiveCfg = Release|Any CPU
		{AC81783A-FF97-4ED2-B139-F1CDF6B76DB5}.Release|ARM.Build.0 = Release|Any CPU
		{AC81783A-FF97-4ED2-B139-F1CDF6B76DB5}.Release|iPhone.ActiveCfg = Release|Any CPU
		{AC81783A-FF97-4ED2-B139-F1CDF6B76DB5}.Release|iPhone.Build.0 = Release|Any CPU
		{AC81783A-FF97-4ED2-B139-F1CDF6B76DB5}.Release|iPhoneSimulator.ActiveCfg = Release|Any CPU
		{AC81783A-FF97-4ED2-B139-F1CDF6B76DB5}.Release|iPhoneSimulator.Build.0 = Release|Any CPU
		{AC81783A-FF97-4ED2-B139-F1CDF6B76DB5}.Release|x64.ActiveCfg = Release|Any CPU
		{AC81783A-FF97-4ED2-B139-F1CDF6B76DB5}.Release|x64.Build.0 = Release|Any CPU
		{AC81783A-FF97-4ED2-B139-F1CDF6B76DB5}.Release|x86.ActiveCfg = Release|Any CPU
		{AC81783A-FF97-4ED2-B139-F1CDF6B76DB5}.Release|x86.Build.0 = Release|Any CPU
	EndGlobalSection
	GlobalSection(SolutionProperties) = preSolution
		HideSolutionNode = FALSE
	EndGlobalSection
EndGlobal
